// !$*UTF8*$!
{
	archiveVersion = 1;
	classes = {
	};
	objectVersion = 50;
	objects = {

/* Begin PBXBuildFile section */
		3331BC6524AC76350014A635 /* AppDelegate.swift in Sources */ = {isa = PBXBuildFile; fileRef = 3331BC6424AC76350014A635 /* AppDelegate.swift */; };
		3331BC6724AC76350014A635 /* SceneDelegate.swift in Sources */ = {isa = PBXBuildFile; fileRef = 3331BC6624AC76350014A635 /* SceneDelegate.swift */; };
		3331BC6924AC76350014A635 /* ViewController.swift in Sources */ = {isa = PBXBuildFile; fileRef = 3331BC6824AC76350014A635 /* ViewController.swift */; };
		3331BC6C24AC76350014A635 /* Main.storyboard in Resources */ = {isa = PBXBuildFile; fileRef = 3331BC6A24AC76350014A635 /* Main.storyboard */; };
		3331BC6E24AC76360014A635 /* Assets.xcassets in Resources */ = {isa = PBXBuildFile; fileRef = 3331BC6D24AC76360014A635 /* Assets.xcassets */; };
		3331BC7124AC76360014A635 /* LaunchScreen.storyboard in Resources */ = {isa = PBXBuildFile; fileRef = 3331BC6F24AC76360014A635 /* LaunchScreen.storyboard */; };
		3331BC7C24AC76360014A635 /* PlanetsTests.swift in Sources */ = {isa = PBXBuildFile; fileRef = 3331BC7B24AC76360014A635 /* PlanetsTests.swift */; };
		3331BC8724AC76360014A635 /* PlanetsUITests.swift in Sources */ = {isa = PBXBuildFile; fileRef = 3331BC8624AC76360014A635 /* PlanetsUITests.swift */; };
/* End PBXBuildFile section */

/* Begin PBXContainerItemProxy section */
		3331BC7824AC76360014A635 /* PBXContainerItemProxy */ = {
			isa = PBXContainerItemProxy;
			containerPortal = 3331BC5924AC76350014A635 /* Project object */;
			proxyType = 1;
			remoteGlobalIDString = 3331BC6024AC76350014A635;
			remoteInfo = Planets;
		};
		3331BC8324AC76360014A635 /* PBXContainerItemProxy */ = {
			isa = PBXContainerItemProxy;
			containerPortal = 3331BC5924AC76350014A635 /* Project object */;
			proxyType = 1;
			remoteGlobalIDString = 3331BC6024AC76350014A635;
			remoteInfo = Planets;
		};
/* End PBXContainerItemProxy section */

/* Begin PBXFileReference section */
		3331BC6124AC76350014A635 /* Planets.app */ = {isa = PBXFileReference; explicitFileType = wrapper.application; includeInIndex = 0; path = Planets.app; sourceTree = BUILT_PRODUCTS_DIR; };
		3331BC6424AC76350014A635 /* AppDelegate.swift */ = {isa = PBXFileReference; lastKnownFileType = sourcecode.swift; path = AppDelegate.swift; sourceTree = "<group>"; };
		3331BC6624AC76350014A635 /* SceneDelegate.swift */ = {isa = PBXFileReference; lastKnownFileType = sourcecode.swift; path = SceneDelegate.swift; sourceTree = "<group>"; };
		3331BC6824AC76350014A635 /* ViewController.swift */ = {isa = PBXFileReference; lastKnownFileType = sourcecode.swift; path = ViewController.swift; sourceTree = "<group>"; };
		3331BC6B24AC76350014A635 /* Base */ = {isa = PBXFileReference; lastKnownFileType = file.storyboard; name = Base; path = Base.lproj/Main.storyboard; sourceTree = "<group>"; };
		3331BC6D24AC76360014A635 /* Assets.xcassets */ = {isa = PBXFileReference; lastKnownFileType = folder.assetcatalog; path = Assets.xcassets; sourceTree = "<group>"; };
		3331BC7024AC76360014A635 /* Base */ = {isa = PBXFileReference; lastKnownFileType = file.storyboard; name = Base; path = Base.lproj/LaunchScreen.storyboard; sourceTree = "<group>"; };
		3331BC7224AC76360014A635 /* Info.plist */ = {isa = PBXFileReference; lastKnownFileType = text.plist.xml; path = Info.plist; sourceTree = "<group>"; };
		3331BC7724AC76360014A635 /* PlanetsTests.xctest */ = {isa = PBXFileReference; explicitFileType = wrapper.cfbundle; includeInIndex = 0; path = PlanetsTests.xctest; sourceTree = BUILT_PRODUCTS_DIR; };
		3331BC7B24AC76360014A635 /* PlanetsTests.swift */ = {isa = PBXFileReference; lastKnownFileType = sourcecode.swift; path = PlanetsTests.swift; sourceTree = "<group>"; };
		3331BC7D24AC76360014A635 /* Info.plist */ = {isa = PBXFileReference; lastKnownFileType = text.plist.xml; path = Info.plist; sourceTree = "<group>"; };
		3331BC8224AC76360014A635 /* PlanetsUITests.xctest */ = {isa = PBXFileReference; explicitFileType = wrapper.cfbundle; includeInIndex = 0; path = PlanetsUITests.xctest; sourceTree = BUILT_PRODUCTS_DIR; };
		3331BC8624AC76360014A635 /* PlanetsUITests.swift */ = {isa = PBXFileReference; lastKnownFileType = sourcecode.swift; path = PlanetsUITests.swift; sourceTree = "<group>"; };
		3331BC8824AC76360014A635 /* Info.plist */ = {isa = PBXFileReference; lastKnownFileType = text.plist.xml; path = Info.plist; sourceTree = "<group>"; };
/* End PBXFileReference section */

/* Begin PBXFrameworksBuildPhase section */
		3331BC5E24AC76350014A635 /* Frameworks */ = {
			isa = PBXFrameworksBuildPhase;
			buildActionMask = 2147483647;
			files = (
			);
			runOnlyForDeploymentPostprocessing = 0;
		};
		3331BC7424AC76360014A635 /* Frameworks */ = {
			isa = PBXFrameworksBuildPhase;
			buildActionMask = 2147483647;
			files = (
			);
			runOnlyForDeploymentPostprocessing = 0;
		};
		3331BC7F24AC76360014A635 /* Frameworks */ = {
			isa = PBXFrameworksBuildPhase;
			buildActionMask = 2147483647;
			files = (
			);
			runOnlyForDeploymentPostprocessing = 0;
		};
/* End PBXFrameworksBuildPhase section */

/* Begin PBXGroup section */
		3331BC5824AC76350014A635 = {
			isa = PBXGroup;
			children = (
				3331BC6324AC76350014A635 /* Planets */,
				3331BC7A24AC76360014A635 /* PlanetsTests */,
				3331BC8524AC76360014A635 /* PlanetsUITests */,
				3331BC6224AC76350014A635 /* Products */,
			);
			sourceTree = "<group>";
		};
		3331BC6224AC76350014A635 /* Products */ = {
			isa = PBXGroup;
			children = (
				3331BC6124AC76350014A635 /* Planets.app */,
				3331BC7724AC76360014A635 /* PlanetsTests.xctest */,
				3331BC8224AC76360014A635 /* PlanetsUITests.xctest */,
			);
			name = Products;
			sourceTree = "<group>";
		};
		3331BC6324AC76350014A635 /* Planets */ = {
			isa = PBXGroup;
			children = (
				3331BC6424AC76350014A635 /* AppDelegate.swift */,
				3331BC6624AC76350014A635 /* SceneDelegate.swift */,
				3331BC6824AC76350014A635 /* ViewController.swift */,
				3331BC6A24AC76350014A635 /* Main.storyboard */,
				3331BC6D24AC76360014A635 /* Assets.xcassets */,
				3331BC6F24AC76360014A635 /* LaunchScreen.storyboard */,
				3331BC7224AC76360014A635 /* Info.plist */,
			);
			path = Planets;
			sourceTree = "<group>";
		};
		3331BC7A24AC76360014A635 /* PlanetsTests */ = {
			isa = PBXGroup;
			children = (
				3331BC7B24AC76360014A635 /* PlanetsTests.swift */,
				3331BC7D24AC76360014A635 /* Info.plist */,
			);
			path = PlanetsTests;
			sourceTree = "<group>";
		};
		3331BC8524AC76360014A635 /* PlanetsUITests */ = {
			isa = PBXGroup;
			children = (
				3331BC8624AC76360014A635 /* PlanetsUITests.swift */,
				3331BC8824AC76360014A635 /* Info.plist */,
			);
			path = PlanetsUITests;
			sourceTree = "<group>";
		};
/* End PBXGroup section */

/* Begin PBXNativeTarget section */
		3331BC6024AC76350014A635 /* Planets */ = {
			isa = PBXNativeTarget;
			buildConfigurationList = 3331BC8B24AC76360014A635 /* Build configuration list for PBXNativeTarget "Planets" */;
			buildPhases = (
				3331BC5D24AC76350014A635 /* Sources */,
				3331BC5E24AC76350014A635 /* Frameworks */,
				3331BC5F24AC76350014A635 /* Resources */,
			);
			buildRules = (
			);
			dependencies = (
			);
			name = Planets;
			productName = Planets;
			productReference = 3331BC6124AC76350014A635 /* Planets.app */;
			productType = "com.apple.product-type.application";
		};
		3331BC7624AC76360014A635 /* PlanetsTests */ = {
			isa = PBXNativeTarget;
			buildConfigurationList = 3331BC8E24AC76360014A635 /* Build configuration list for PBXNativeTarget "PlanetsTests" */;
			buildPhases = (
				3331BC7324AC76360014A635 /* Sources */,
				3331BC7424AC76360014A635 /* Frameworks */,
				3331BC7524AC76360014A635 /* Resources */,
			);
			buildRules = (
			);
			dependencies = (
				3331BC7924AC76360014A635 /* PBXTargetDependency */,
			);
			name = PlanetsTests;
			productName = PlanetsTests;
			productReference = 3331BC7724AC76360014A635 /* PlanetsTests.xctest */;
			productType = "com.apple.product-type.bundle.unit-test";
		};
		3331BC8124AC76360014A635 /* PlanetsUITests */ = {
			isa = PBXNativeTarget;
			buildConfigurationList = 3331BC9124AC76360014A635 /* Build configuration list for PBXNativeTarget "PlanetsUITests" */;
			buildPhases = (
				3331BC7E24AC76360014A635 /* Sources */,
				3331BC7F24AC76360014A635 /* Frameworks */,
				3331BC8024AC76360014A635 /* Resources */,
			);
			buildRules = (
			);
			dependencies = (
				3331BC8424AC76360014A635 /* PBXTargetDependency */,
			);
			name = PlanetsUITests;
			productName = PlanetsUITests;
			productReference = 3331BC8224AC76360014A635 /* PlanetsUITests.xctest */;
			productType = "com.apple.product-type.bundle.ui-testing";
		};
/* End PBXNativeTarget section */

/* Begin PBXProject section */
		3331BC5924AC76350014A635 /* Project object */ = {
			isa = PBXProject;
			attributes = {
				LastSwiftUpdateCheck = 1150;
				LastUpgradeCheck = 1150;
				ORGANIZATIONNAME = "The Carlisle Family";
				TargetAttributes = {
					3331BC6024AC76350014A635 = {
						CreatedOnToolsVersion = 11.5;
					};
					3331BC7624AC76360014A635 = {
						CreatedOnToolsVersion = 11.5;
						TestTargetID = 3331BC6024AC76350014A635;
					};
					3331BC8124AC76360014A635 = {
						CreatedOnToolsVersion = 11.5;
						TestTargetID = 3331BC6024AC76350014A635;
					};
				};
			};
			buildConfigurationList = 3331BC5C24AC76350014A635 /* Build configuration list for PBXProject "Planets" */;
			compatibilityVersion = "Xcode 9.3";
			developmentRegion = en;
			hasScannedForEncodings = 0;
			knownRegions = (
				en,
				Base,
			);
			mainGroup = 3331BC5824AC76350014A635;
			productRefGroup = 3331BC6224AC76350014A635 /* Products */;
			projectDirPath = "";
			projectRoot = "";
			targets = (
				3331BC6024AC76350014A635 /* Planets */,
				3331BC7624AC76360014A635 /* PlanetsTests */,
				3331BC8124AC76360014A635 /* PlanetsUITests */,
			);
		};
/* End PBXProject section */

/* Begin PBXResourcesBuildPhase section */
		3331BC5F24AC76350014A635 /* Resources */ = {
			isa = PBXResourcesBuildPhase;
			buildActionMask = 2147483647;
			files = (
				3331BC7124AC76360014A635 /* LaunchScreen.storyboard in Resources */,
				3331BC6E24AC76360014A635 /* Assets.xcassets in Resources */,
				3331BC6C24AC76350014A635 /* Main.storyboard in Resources */,
			);
			runOnlyForDeploymentPostprocessing = 0;
		};
		3331BC7524AC76360014A635 /* Resources */ = {
			isa = PBXResourcesBuildPhase;
			buildActionMask = 2147483647;
			files = (
			);
			runOnlyForDeploymentPostprocessing = 0;
		};
		3331BC8024AC76360014A635 /* Resources */ = {
			isa = PBXResourcesBuildPhase;
			buildActionMask = 2147483647;
			files = (
			);
			runOnlyForDeploymentPostprocessing = 0;
		};
/* End PBXResourcesBuildPhase section */

/* Begin PBXSourcesBuildPhase section */
		3331BC5D24AC76350014A635 /* Sources */ = {
			isa = PBXSourcesBuildPhase;
			buildActionMask = 2147483647;
			files = (
				3331BC6924AC76350014A635 /* ViewController.swift in Sources */,
				3331BC6524AC76350014A635 /* AppDelegate.swift in Sources */,
				3331BC6724AC76350014A635 /* SceneDelegate.swift in Sources */,
			);
			runOnlyForDeploymentPostprocessing = 0;
		};
		3331BC7324AC76360014A635 /* Sources */ = {
			isa = PBXSourcesBuildPhase;
			buildActionMask = 2147483647;
			files = (
				3331BC7C24AC76360014A635 /* PlanetsTests.swift in Sources */,
			);
			runOnlyForDeploymentPostprocessing = 0;
		};
		3331BC7E24AC76360014A635 /* Sources */ = {
			isa = PBXSourcesBuildPhase;
			buildActionMask = 2147483647;
			files = (
				3331BC8724AC76360014A635 /* PlanetsUITests.swift in Sources */,
			);
			runOnlyForDeploymentPostprocessing = 0;
		};
/* End PBXSourcesBuildPhase section */

/* Begin PBXTargetDependency section */
		3331BC7924AC76360014A635 /* PBXTargetDependency */ = {
			isa = PBXTargetDependency;
			target = 3331BC6024AC76350014A635 /* Planets */;
			targetProxy = 3331BC7824AC76360014A635 /* PBXContainerItemProxy */;
		};
		3331BC8424AC76360014A635 /* PBXTargetDependency */ = {
			isa = PBXTargetDependency;
			target = 3331BC6024AC76350014A635 /* Planets */;
			targetProxy = 3331BC8324AC76360014A635 /* PBXContainerItemProxy */;
		};
/* End PBXTargetDependency section */

/* Begin PBXVariantGroup section */
		3331BC6A24AC76350014A635 /* Main.storyboard */ = {
			isa = PBXVariantGroup;
			children = (
				3331BC6B24AC76350014A635 /* Base */,
			);
			name = Main.storyboard;
			sourceTree = "<group>";
		};
		3331BC6F24AC76360014A635 /* LaunchScreen.storyboard */ = {
			isa = PBXVariantGroup;
			children = (
				3331BC7024AC76360014A635 /* Base */,
			);
			name = LaunchScreen.storyboard;
			sourceTree = "<group>";
		};
/* End PBXVariantGroup section */

/* Begin XCBuildConfiguration section */
		3331BC8924AC76360014A635 /* Debug */ = {
			isa = XCBuildConfiguration;
			buildSettings = {
				ALWAYS_SEARCH_USER_PATHS = NO;
				CLANG_ANALYZER_NONNULL = YES;
				CLANG_ANALYZER_NUMBER_OBJECT_CONVERSION = YES_AGGRESSIVE;
				CLANG_CXX_LANGUAGE_STANDARD = "gnu++14";
				CLANG_CXX_LIBRARY = "libc++";
				CLANG_ENABLE_MODULES = YES;
				CLANG_ENABLE_OBJC_ARC = YES;
				CLANG_ENABLE_OBJC_WEAK = YES;
				CLANG_WARN_BLOCK_CAPTURE_AUTORELEASING = YES;
				CLANG_WARN_BOOL_CONVERSION = YES;
				CLANG_WARN_COMMA = YES;
				CLANG_WARN_CONSTANT_CONVERSION = YES;
				CLANG_WARN_DEPRECATED_OBJC_IMPLEMENTATIONS = YES;
				CLANG_WARN_DIRECT_OBJC_ISA_USAGE = YES_ERROR;
				CLANG_WARN_DOCUMENTATION_COMMENTS = YES;
				CLANG_WARN_EMPTY_BODY = YES;
				CLANG_WARN_ENUM_CONVERSION = YES;
				CLANG_WARN_INFINITE_RECURSION = YES;
				CLANG_WARN_INT_CONVERSION = YES;
				CLANG_WARN_NON_LITERAL_NULL_CONVERSION = YES;
				CLANG_WARN_OBJC_IMPLICIT_RETAIN_SELF = YES;
				CLANG_WARN_OBJC_LITERAL_CONVERSION = YES;
				CLANG_WARN_OBJC_ROOT_CLASS = YES_ERROR;
				CLANG_WARN_RANGE_LOOP_ANALYSIS = YES;
				CLANG_WARN_STRICT_PROTOTYPES = YES;
				CLANG_WARN_SUSPICIOUS_MOVE = YES;
				CLANG_WARN_UNGUARDED_AVAILABILITY = YES_AGGRESSIVE;
				CLANG_WARN_UNREACHABLE_CODE = YES;
				CLANG_WARN__DUPLICATE_METHOD_MATCH = YES;
				COPY_PHASE_STRIP = NO;
				DEBUG_INFORMATION_FORMAT = dwarf;
				ENABLE_STRICT_OBJC_MSGSEND = YES;
				ENABLE_TESTABILITY = YES;
				GCC_C_LANGUAGE_STANDARD = gnu11;
				GCC_DYNAMIC_NO_PIC = NO;
				GCC_NO_COMMON_BLOCKS = YES;
				GCC_OPTIMIZATION_LEVEL = 0;
				GCC_PREPROCESSOR_DEFINITIONS = (
					"DEBUG=1",
					"$(inherited)",
				);
				GCC_WARN_64_TO_32_BIT_CONVERSION = YES;
				GCC_WARN_ABOUT_RETURN_TYPE = YES_ERROR;
				GCC_WARN_UNDECLARED_SELECTOR = YES;
				GCC_WARN_UNINITIALIZED_AUTOS = YES_AGGRESSIVE;
				GCC_WARN_UNUSED_FUNCTION = YES;
				GCC_WARN_UNUSED_VARIABLE = YES;
				IPHONEOS_DEPLOYMENT_TARGET = 13.5;
				MTL_ENABLE_DEBUG_INFO = INCLUDE_SOURCE;
				MTL_FAST_MATH = YES;
				ONLY_ACTIVE_ARCH = YES;
				SDKROOT = iphoneos;
				SWIFT_ACTIVE_COMPILATION_CONDITIONS = DEBUG;
				SWIFT_OPTIMIZATION_LEVEL = "-Onone";
			};
			name = Debug;
		};
		3331BC8A24AC76360014A635 /* Release */ = {
			isa = XCBuildConfiguration;
			buildSettings = {
				ALWAYS_SEARCH_USER_PATHS = NO;
				CLANG_ANALYZER_NONNULL = YES;
				CLANG_ANALYZER_NUMBER_OBJECT_CONVERSION = YES_AGGRESSIVE;
				CLANG_CXX_LANGUAGE_STANDARD = "gnu++14";
				CLANG_CXX_LIBRARY = "libc++";
				CLANG_ENABLE_MODULES = YES;
				CLANG_ENABLE_OBJC_ARC = YES;
				CLANG_ENABLE_OBJC_WEAK = YES;
				CLANG_WARN_BLOCK_CAPTURE_AUTORELEASING = YES;
				CLANG_WARN_BOOL_CONVERSION = YES;
				CLANG_WARN_COMMA = YES;
				CLANG_WARN_CONSTANT_CONVERSION = YES;
				CLANG_WARN_DEPRECATED_OBJC_IMPLEMENTATIONS = YES;
				CLANG_WARN_DIRECT_OBJC_ISA_USAGE = YES_ERROR;
				CLANG_WARN_DOCUMENTATION_COMMENTS = YES;
				CLANG_WARN_EMPTY_BODY = YES;
				CLANG_WARN_ENUM_CONVERSION = YES;
				CLANG_WARN_INFINITE_RECURSION = YES;
				CLANG_WARN_INT_CONVERSION = YES;
				CLANG_WARN_NON_LITERAL_NULL_CONVERSION = YES;
				CLANG_WARN_OBJC_IMPLICIT_RETAIN_SELF = YES;
				CLANG_WARN_OBJC_LITERAL_CONVERSION = YES;
				CLANG_WARN_OBJC_ROOT_CLASS = YES_ERROR;
				CLANG_WARN_RANGE_LOOP_ANALYSIS = YES;
				CLANG_WARN_STRICT_PROTOTYPES = YES;
				CLANG_WARN_SUSPICIOUS_MOVE = YES;
				CLANG_WARN_UNGUARDED_AVAILABILITY = YES_AGGRESSIVE;
				CLANG_WARN_UNREACHABLE_CODE = YES;
				CLANG_WARN__DUPLICATE_METHOD_MATCH = YES;
				COPY_PHASE_STRIP = NO;
				DEBUG_INFORMATION_FORMAT = "dwarf-with-dsym";
				ENABLE_NS_ASSERTIONS = NO;
				ENABLE_STRICT_OBJC_MSGSEND = YES;
				GCC_C_LANGUAGE_STANDARD = gnu11;
				GCC_NO_COMMON_BLOCKS = YES;
				GCC_WARN_64_TO_32_BIT_CONVERSION = YES;
				GCC_WARN_ABOUT_RETURN_TYPE = YES_ERROR;
				GCC_WARN_UNDECLARED_SELECTOR = YES;
				GCC_WARN_UNINITIALIZED_AUTOS = YES_AGGRESSIVE;
				GCC_WARN_UNUSED_FUNCTION = YES;
				GCC_WARN_UNUSED_VARIABLE = YES;
				IPHONEOS_DEPLOYMENT_TARGET = 13.5;
				MTL_ENABLE_DEBUG_INFO = NO;
				MTL_FAST_MATH = YES;
				SDKROOT = iphoneos;
				SWIFT_COMPILATION_MODE = wholemodule;
				SWIFT_OPTIMIZATION_LEVEL = "-O";
				VALIDATE_PRODUCT = YES;
			};
			name = Release;
		};
		3331BC8C24AC76360014A635 /* Debug */ = {
			isa = XCBuildConfiguration;
			buildSettings = {
				ASSETCATALOG_COMPILER_APPICON_NAME = AppIcon;
				CODE_SIGN_STYLE = Automatic;
				DEVELOPMENT_TEAM = H9X525545Z;
				INFOPLIST_FILE = Planets/Info.plist;
				LD_RUNPATH_SEARCH_PATHS = (
					"$(inherited)",
					"@executable_path/Frameworks",
				);
				PRODUCT_BUNDLE_IDENTIFIER = "AR-Planets";
				PRODUCT_NAME = "$(TARGET_NAME)";
				SWIFT_VERSION = 5.0;
				TARGETED_DEVICE_FAMILY = "1,2";
			};
			name = Debug;
		};
		3331BC8D24AC76360014A635 /* Release */ = {
			isa = XCBuildConfiguration;
			buildSettings = {
				ASSETCATALOG_COMPILER_APPICON_NAME = AppIcon;
				CODE_SIGN_STYLE = Automatic;
				DEVELOPMENT_TEAM = H9X525545Z;
				INFOPLIST_FILE = Planets/Info.plist;
				LD_RUNPATH_SEARCH_PATHS = (
					"$(inherited)",
					"@executable_path/Frameworks",
				);
				PRODUCT_BUNDLE_IDENTIFIER = "AR-Planets";
				PRODUCT_NAME = "$(TARGET_NAME)";
				SWIFT_VERSION = 5.0;
				TARGETED_DEVICE_FAMILY = "1,2";
			};
			name = Release;
		};
		3331BC8F24AC76360014A635 /* Debug */ = {
			isa = XCBuildConfiguration;
			buildSettings = {
				ALWAYS_EMBED_SWIFT_STANDARD_LIBRARIES = YES;
				BUNDLE_LOADER = "$(TEST_HOST)";
				CODE_SIGN_STYLE = Automatic;
				DEVELOPMENT_TEAM = H9X525545Z;
				INFOPLIST_FILE = PlanetsTests/Info.plist;
				IPHONEOS_DEPLOYMENT_TARGET = 13.5;
				LD_RUNPATH_SEARCH_PATHS = (
					"$(inherited)",
					"@executable_path/Frameworks",
					"@loader_path/Frameworks",
				);
				PRODUCT_BUNDLE_IDENTIFIER = test.PlanetsTests;
				PRODUCT_NAME = "$(TARGET_NAME)";
				SWIFT_VERSION = 5.0;
				TARGETED_DEVICE_FAMILY = "1,2";
				TEST_HOST = "$(BUILT_PRODUCTS_DIR)/Planets.app/Planets";
			};
			name = Debug;
		};
		3331BC9024AC76360014A635 /* Release */ = {
			isa = XCBuildConfiguration;
			buildSettings = {
				ALWAYS_EMBED_SWIFT_STANDARD_LIBRARIES = YES;
				BUNDLE_LOADER = "$(TEST_HOST)";
				CODE_SIGN_STYLE = Automatic;
				DEVELOPMENT_TEAM = H9X525545Z;
				INFOPLIST_FILE = PlanetsTests/Info.plist;
				IPHONEOS_DEPLOYMENT_TARGET = 13.5;
				LD_RUNPATH_SEARCH_PATHS = (
					"$(inherited)",
					"@executable_path/Frameworks",
					"@loader_path/Frameworks",
				);
				PRODUCT_BUNDLE_IDENTIFIER = test.PlanetsTests;
				PRODUCT_NAME = "$(TARGET_NAME)";
				SWIFT_VERSION = 5.0;
				TARGETED_DEVICE_FAMILY = "1,2";
				TEST_HOST = "$(BUILT_PRODUCTS_DIR)/Planets.app/Planets";
			};
			name = Release;
		};
		3331BC9224AC76360014A635 /* Debug */ = {
			isa = XCBuildConfiguration;
			buildSettings = {
				ALWAYS_EMBED_SWIFT_STANDARD_LIBRARIES = YES;
				CODE_SIGN_STYLE = Automatic;
				DEVELOPMENT_TEAM = H9X525545Z;
				INFOPLIST_FILE = PlanetsUITests/Info.plist;
				LD_RUNPATH_SEARCH_PATHS = (
					"$(inherited)",
					"@executable_path/Frameworks",
					"@loader_path/Frameworks",
				);
				PRODUCT_BUNDLE_IDENTIFIER = test.PlanetsUITests;
				PRODUCT_NAME = "$(TARGET_NAME)";
				SWIFT_VERSION = 5.0;
				TARGETED_DEVICE_FAMILY = "1,2";
				TEST_TARGET_NAME = Planets;
			};
			name = Debug;
		};
		3331BC9324AC76360014A635 /* Release */ = {
			isa = XCBuildConfiguration;
			buildSettings = {
				ALWAYS_EMBED_SWIFT_STANDARD_LIBRARIES = YES;
				CODE_SIGN_STYLE = Automatic;
				DEVELOPMENT_TEAM = H9X525545Z;
				INFOPLIST_FILE = PlanetsUITests/Info.plist;
				LD_RUNPATH_SEARCH_PATHS = (
					"$(inherited)",
					"@executable_path/Frameworks",
					"@loader_path/Frameworks",
				);
				PRODUCT_BUNDLE_IDENTIFIER = test.PlanetsUITests;
				PRODUCT_NAME = "$(TARGET_NAME)";
				SWIFT_VERSION = 5.0;
				TARGETED_DEVICE_FAMILY = "1,2";
				TEST_TARGET_NAME = Planets;
			};
			name = Release;
		};
/* End XCBuildConfiguration section */

/* Begin XCConfigurationList section */
		3331BC5C24AC76350014A635 /* Build configuration list for PBXProject "Planets" */ = {
			isa = XCConfigurationList;
			buildConfigurations = (
				3331BC8924AC76360014A635 /* Debug */,
				3331BC8A24AC76360014A635 /* Release */,
			);
			defaultConfigurationIsVisible = 0;
			defaultConfigurationName = Release;
		};
		3331BC8B24AC76360014A635 /* Build configuration list for PBXNativeTarget "Planets" */ = {
			isa = XCConfigurationList;
			buildConfigurations = (
				3331BC8C24AC76360014A635 /* Debug */,
				3331BC8D24AC76360014A635 /* Release */,
			);
			defaultConfigurationIsVisible = 0;
			defaultConfigurationName = Release;
		};
		3331BC8E24AC76360014A635 /* Build configuration list for PBXNativeTarget "PlanetsTests" */ = {
			isa = XCConfigurationList;
			buildConfigurations = (
				3331BC8F24AC76360014A635 /* Debug */,
				3331BC9024AC76360014A635 /* Release */,
			);
			defaultConfigurationIsVisible = 0;
			defaultConfigurationName = Release;
		};
		3331BC9124AC76360014A635 /* Build configuration list for PBXNativeTarget "PlanetsUITests" */ = {
			isa = XCConfigurationList;
			buildConfigurations = (
				3331BC9224AC76360014A635 /* Debug */,
				3331BC9324AC76360014A635 /* Release */,
			);
			defaultConfigurationIsVisible = 0;
			defaultConfigurationName = Release;
		};
/* End XCConfigurationList section */
	};
	rootObject = 3331BC5924AC76350014A635 /* Project object */;
}
